
Microsoft Visual Studio Solution File, Format Version 12.00
# Visual Studio Version 16
VisualStudioVersion = 16.0.30309.148
MinimumVisualStudioVersion = 10.0.40219.1
Project("{FAE04EC0-301F-11D3-BF4B-00C04F79EFBC}") = "自定义Uppercomputer-20200727", "自定义Uppercomputer-20200727\自定义Uppercomputer-20200727.csproj", "{DFCAAA72-68A3-4304-9D1A-615DCA585A05}"
EndProject
Global
	GlobalSection(SolutionConfigurationPlatforms) = preSolution
		Debug|Any CPU = Debug|Any CPU
		Release|Any CPU = Release|Any CPU
	EndGlobalSection
	GlobalSection(ProjectConfigurationPlatforms) = postSolution
		{DFCAAA72-68A3-4304-9D1A-615DCA585A05}.Debug|Any CPU.ActiveCfg = Debug|Any CPU
		{DFCAAA72-68A3-4304-9D1A-615DCA585A05}.Debug|Any CPU.Build.0 = Debug|Any CPU
		{DFCAAA72-68A3-4304-9D1A-615DCA585A05}.Release|Any CPU.ActiveCfg = Release|Any CPU
		{DFCAAA72-68A3-4304-9D1A-615DCA585A05}.Release|Any CPU.Build.0 = Release|Any CPU
	EndGlobalSection
	GlobalSection(SolutionProperties) = preSolution
		HideSolutionNode = FALSE
	EndGlobalSection
	GlobalSection(ExtensibilityGlobals) = postSolution
		SolutionGuid = {6F284CF8-CB15-486A-8095-783E8954F180}
	EndGlobalSection
EndGlobal
