
Microsoft Visual Studio Solution File, Format Version 12.00
# Visual Studio Version 16
VisualStudioVersion = 16.0.30907.101
MinimumVisualStudioVersion = 10.0.40219.1
Project("{FAE04EC0-301F-11D3-BF4B-00C04F79EFBC}") = "三菱伺服MR-JE控制", "三菱伺服MR-JE控制\三菱伺服MR-JE控制.csproj", "{034FA00D-D0AE-48F7-B06E-E3A8C8AA030F}"
EndProject
Project("{FAE04EC0-301F-11D3-BF4B-00C04F79EFBC}") = "命令处理", "命令处理\命令处理.csproj", "{5D77E549-3C6D-4E7F-A015-DEF34820AE53}"
EndProject
Global
	GlobalSection(SolutionConfigurationPlatforms) = preSolution
		Debug|Any CPU = Debug|Any CPU
		Release|Any CPU = Release|Any CPU
	EndGlobalSection
	GlobalSection(ProjectConfigurationPlatforms) = postSolution
		{034FA00D-D0AE-48F7-B06E-E3A8C8AA030F}.Debug|Any CPU.ActiveCfg = Debug|Any CPU
		{034FA00D-D0AE-48F7-B06E-E3A8C8AA030F}.Debug|Any CPU.Build.0 = Debug|Any CPU
		{034FA00D-D0AE-48F7-B06E-E3A8C8AA030F}.Release|Any CPU.ActiveCfg = Release|Any CPU
		{034FA00D-D0AE-48F7-B06E-E3A8C8AA030F}.Release|Any CPU.Build.0 = Release|Any CPU
		{5D77E549-3C6D-4E7F-A015-DEF34820AE53}.Debug|Any CPU.ActiveCfg = Debug|Any CPU
		{5D77E549-3C6D-4E7F-A015-DEF34820AE53}.Debug|Any CPU.Build.0 = Debug|Any CPU
		{5D77E549-3C6D-4E7F-A015-DEF34820AE53}.Release|Any CPU.ActiveCfg = Release|Any CPU
		{5D77E549-3C6D-4E7F-A015-DEF34820AE53}.Release|Any CPU.Build.0 = Release|Any CPU
	EndGlobalSection
	GlobalSection(SolutionProperties) = preSolution
		HideSolutionNode = FALSE
	EndGlobalSection
	GlobalSection(ExtensibilityGlobals) = postSolution
		SolutionGuid = {D9E5F6D8-8640-4A1B-9F77-3A82260A686E}
	EndGlobalSection
EndGlobal
